
Microsoft Visual Studio Solution File, Format Version 12.00
# Visual Studio Version 17
VisualStudioVersion = 17.9.34728.123
MinimumVisualStudioVersion = 10.0.40219.1
Project("{FAE04EC0-301F-11D3-BF4B-00C04F79EFBC}") = "TradeBot", "TradeBot\TradeBot.csproj", "{68751357-79CC-42E6-B011-D227602DC79E}"
EndProject
Global
	GlobalSection(SolutionConfigurationPlatforms) = preSolution
		Debug|Any CPU = Debug|Any CPU
		Release|Any CPU = Release|Any CPU
	EndGlobalSection
	GlobalSection(ProjectConfigurationPlatforms) = postSolution
		{68751357-79CC-42E6-B011-D227602DC79E}.Debug|Any CPU.ActiveCfg = Debug|Any CPU
		{68751357-79CC-42E6-B011-D227602DC79E}.Debug|Any CPU.Build.0 = Debug|Any CPU
		{68751357-79CC-42E6-B011-D227602DC79E}.Release|Any CPU.ActiveCfg = Release|Any CPU
		{68751357-79CC-42E6-B011-D227602DC79E}.Release|Any CPU.Build.0 = Release|Any CPU
	EndGlobalSection
	GlobalSection(SolutionProperties) = preSolution
		HideSolutionNode = FALSE
	EndGlobalSection
	GlobalSection(ExtensibilityGlobals) = postSolution
		SolutionGuid = {723F2243-13DE-4296-8889-8D94BEC992E3}
	EndGlobalSection
EndGlobal
